# This file is generated by running "yarn install" inside your project.
# Manual changes might be lost - proceed with caution!

__metadata:
  version: 8
  cacheKey: 10c0

"@anthropic-ai/mcpb@npm:latest":
  version: 2.0.1
  resolution: "@anthropic-ai/mcpb@npm:2.0.1"
  dependencies:
    "@inquirer/prompts": "npm:^6.0.1"
    commander: "npm:^13.1.0"
    fflate: "npm:^0.8.2"
    galactus: "npm:^1.0.0"
    ignore: "npm:^7.0.5"
    node-forge: "npm:^1.3.1"
    pretty-bytes: "npm:^5.6.0"
    zod: "npm:^3.25.67"
    zod-to-json-schema: "npm:^3.24.6"
  bin:
    mcpb: dist/cli/cli.js
  checksum: 10c0/e3105c0c83fb5c953ccf228a8e146d8bfaffddc71a6137b145337c93f50c9db5111423bc10445418903e28676084df492c307f009575a561bebc91f446d38a34
  languageName: node
  linkType: hard

"@inquirer/checkbox@npm:^3.0.1":
  version: 3.0.1
  resolution: "@inquirer/checkbox@npm:3.0.1"
  dependencies:
    "@inquirer/core": "npm:^9.2.1"
    "@inquirer/figures": "npm:^1.0.6"
    "@inquirer/type": "npm:^2.0.0"
    ansi-escapes: "npm:^4.3.2"
    yoctocolors-cjs: "npm:^2.1.2"
  checksum: 10c0/1e8c508772757000209b89e7d0455ac5a0684b3ba3c4b5def13d4da95b19bcab670458d77a18f5a5daeec273578d1c3b2072030221dbfa7e0738abd5c0bc4af4
  languageName: node
  linkType: hard

"@inquirer/confirm@npm:^4.0.1":
  version: 4.0.1
  resolution: "@inquirer/confirm@npm:4.0.1"
  dependencies:
    "@inquirer/core": "npm:^9.2.1"
    "@inquirer/type": "npm:^2.0.0"
  checksum: 10c0/8ea5e6a63efa348b626750384c249cc903280e38c2596bb42c640f178b375dbc389d8c4d040b2e4759b3937d8a188e245ca262b8dc7cdb2fa35dfce4104c2e8f
  languageName: node
  linkType: hard

"@inquirer/core@npm:^9.2.1":
  version: 9.2.1
  resolution: "@inquirer/core@npm:9.2.1"
  dependencies:
    "@inquirer/figures": "npm:^1.0.6"
    "@inquirer/type": "npm:^2.0.0"
    "@types/mute-stream": "npm:^0.0.4"
    "@types/node": "npm:^22.5.5"
    "@types/wrap-ansi": "npm:^3.0.0"
    ansi-escapes: "npm:^4.3.2"
    cli-width: "npm:^4.1.0"
    mute-stream: "npm:^1.0.0"
    signal-exit: "npm:^4.1.0"
    strip-ansi: "npm:^6.0.1"
    wrap-ansi: "npm:^6.2.0"
    yoctocolors-cjs: "npm:^2.1.2"
  checksum: 10c0/11c14be77a9fa85831de799a585721b0a49ab2f3b7d8fd1780c48ea2b29229c6bdc94e7892419086d0f7734136c2ba87b6a32e0782571eae5bbd655b1afad453
  languageName: node
  linkType: hard

"@inquirer/editor@npm:^3.0.1":
  version: 3.0.1
  resolution: "@inquirer/editor@npm:3.0.1"
  dependencies:
    "@inquirer/core": "npm:^9.2.1"
    "@inquirer/type": "npm:^2.0.0"
    external-editor: "npm:^3.1.0"
  checksum: 10c0/edff144ce57d5a0793ae9c2ac3d16934d120ba9b277187613a44923a0b7dc45ba8b7382f56b66cf730c050b58637b236a0f8b280add33bbc53de1e78a10240e7
  languageName: node
  linkType: hard

"@inquirer/expand@npm:^3.0.1":
  version: 3.0.1
  resolution: "@inquirer/expand@npm:3.0.1"
  dependencies:
    "@inquirer/core": "npm:^9.2.1"
    "@inquirer/type": "npm:^2.0.0"
    yoctocolors-cjs: "npm:^2.1.2"
  checksum: 10c0/384db4ac56bc68b56a83a6d164ce039b35addd64a8e422cb8605e38d0f54a3654b4d2e4463575c6ffc34e30bcad5c728c23d7cc7227f4eb440b50fe36f6a785c
  languageName: node
  linkType: hard

"@inquirer/figures@npm:^1.0.6":
  version: 1.0.15
  resolution: "@inquirer/figures@npm:1.0.15"
  checksum: 10c0/6e39a040d260ae234ae220180b7994ff852673e20be925f8aa95e78c7934d732b018cbb4d0ec39e600a410461bcb93dca771e7de23caa10630d255692e440f69
  languageName: node
  linkType: hard

"@inquirer/input@npm:^3.0.1":
  version: 3.0.1
  resolution: "@inquirer/input@npm:3.0.1"
  dependencies:
    "@inquirer/core": "npm:^9.2.1"
    "@inquirer/type": "npm:^2.0.0"
  checksum: 10c0/e8b9d4ad933e70737903606241e8d1f317d3d57719ce0a77e97a050bd1109310bed8df0787ad7913ea699baaeefc448b52989de0a7c3b87ded0a3e54052a60d0
  languageName: node
  linkType: hard

"@inquirer/number@npm:^2.0.1":
  version: 2.0.1
  resolution: "@inquirer/number@npm:2.0.1"
  dependencies:
    "@inquirer/core": "npm:^9.2.1"
    "@inquirer/type": "npm:^2.0.0"
  checksum: 10c0/560e34653693a940b6767e9071c8a361291636b47055f2847d7973e868afba87eedb999a60be0d78064f4481c091e64b913f4b9a84f2cd7a6774d65524bcccbc
  languageName: node
  linkType: hard

"@inquirer/password@npm:^3.0.1":
  version: 3.0.1
  resolution: "@inquirer/password@npm:3.0.1"
  dependencies:
    "@inquirer/core": "npm:^9.2.1"
    "@inquirer/type": "npm:^2.0.0"
    ansi-escapes: "npm:^4.3.2"
  checksum: 10c0/0223ce3f4700a1fa1bc3827bca35d71001e5b41c7a59717e078834bf66345c8c6bba5704350c8ae237e681c30969241ae918dba2e033d01810acf7ffefacd4e6
  languageName: node
  linkType: hard

"@inquirer/prompts@npm:^6.0.1":
  version: 6.0.1
  resolution: "@inquirer/prompts@npm:6.0.1"
  dependencies:
    "@inquirer/checkbox": "npm:^3.0.1"
    "@inquirer/confirm": "npm:^4.0.1"
    "@inquirer/editor": "npm:^3.0.1"
    "@inquirer/expand": "npm:^3.0.1"
    "@inquirer/input": "npm:^3.0.1"
    "@inquirer/number": "npm:^2.0.1"
    "@inquirer/password": "npm:^3.0.1"
    "@inquirer/rawlist": "npm:^3.0.1"
    "@inquirer/search": "npm:^2.0.1"
    "@inquirer/select": "npm:^3.0.1"
  checksum: 10c0/42fe55137531a2d18c24f910fec2d2f1a4b086ad3ad29e8b85aeb8b454ca8e132e463623f1b9e7ac5c60c58010970a923cec23ed94ff14dc23eef086e2641fca
  languageName: node
  linkType: hard

"@inquirer/rawlist@npm:^3.0.1":
  version: 3.0.1
  resolution: "@inquirer/rawlist@npm:3.0.1"
  dependencies:
    "@inquirer/core": "npm:^9.2.1"
    "@inquirer/type": "npm:^2.0.0"
    yoctocolors-cjs: "npm:^2.1.2"
  checksum: 10c0/1b2f0693ad8ae59d22c1dbec03518ee800af7553225cc1e7a7740b0eb2dd59c5c09705217fe2f9946b20c0221a4e3b2a17258a9cb496fd2eb5af0a0c9ac1cfca
  languageName: node
  linkType: hard

"@inquirer/search@npm:^2.0.1":
  version: 2.0.1
  resolution: "@inquirer/search@npm:2.0.1"
  dependencies:
    "@inquirer/core": "npm:^9.2.1"
    "@inquirer/figures": "npm:^1.0.6"
    "@inquirer/type": "npm:^2.0.0"
    yoctocolors-cjs: "npm:^2.1.2"
  checksum: 10c0/3d016b259304fa566961e64266af03e748486aa306c76326ef20893706e16019cb91fba32561dd4c2910718e4b7959107922c6485abc88aff49edf94a6e2c76a
  languageName: node
  linkType: hard

"@inquirer/select@npm:^3.0.1":
  version: 3.0.1
  resolution: "@inquirer/select@npm:3.0.1"
  dependencies:
    "@inquirer/core": "npm:^9.2.1"
    "@inquirer/figures": "npm:^1.0.6"
    "@inquirer/type": "npm:^2.0.0"
    ansi-escapes: "npm:^4.3.2"
    yoctocolors-cjs: "npm:^2.1.2"
  checksum: 10c0/83aa571dba12f69f267507230055d07279a7352ef032d6ea849eb32cd663f3e26aab2ce4fd5f59231f4c7624b92e7d40dd8eef5907431e81eb3d45d062c2cbb8
  languageName: node
  linkType: hard

"@inquirer/type@npm:^2.0.0":
  version: 2.0.0
  resolution: "@inquirer/type@npm:2.0.0"
  dependencies:
    mute-stream: "npm:^1.0.0"
  checksum: 10c0/8c663d52beb2b89a896d3c3d5cc3d6d024fa149e565555bcb42fa640cbe23fba7ff2c51445342cef1fe6e46305e2d16c1590fa1d11ad0ddf93a67b655ef41f0a
  languageName: node
  linkType: hard

"@leichtgewicht/ip-codec@npm:^2.0.1":
  version: 2.0.5
  resolution: "@leichtgewicht/ip-codec@npm:2.0.5"
  checksum: 10c0/14a0112bd59615eef9e3446fea018045720cd3da85a98f801a685a818b0d96ef2a1f7227e8d271def546b2e2a0fe91ef915ba9dc912ab7967d2317b1a051d66b
  languageName: node
  linkType: hard

"@modelcontextprotocol/sdk@npm:^0.6.0":
  version: 0.6.1
  resolution: "@modelcontextprotocol/sdk@npm:0.6.1"
  dependencies:
    content-type: "npm:^1.0.5"
    raw-body: "npm:^3.0.0"
    zod: "npm:^3.23.8"
  checksum: 10c0/c5c34eeeb132c6a9d244e9152cac6a23bc8fde1615904e804ed9a45dbd773c7413aada13d436ea4e79ceec7bb24099911e4421eab1e6918c1cdf4bd9e6694301
  languageName: node
  linkType: hard

"@types/bonjour@npm:^3.5.13":
  version: 3.5.13
  resolution: "@types/bonjour@npm:3.5.13"
  dependencies:
    "@types/node": "npm:*"
  checksum: 10c0/eebedbca185ac3c39dd5992ef18d9e2a9f99e7f3c2f52f5561f90e9ed482c5d224c7962db95362712f580ed5713264e777a98d8f0bd8747f4eadf62937baed16
  languageName: node
  linkType: hard

"@types/mute-stream@npm:^0.0.4":
  version: 0.0.4
  resolution: "@types/mute-stream@npm:0.0.4"
  dependencies:
    "@types/node": "npm:*"
  checksum: 10c0/944730fd7b398c5078de3c3d4d0afeec8584283bc694da1803fdfca14149ea385e18b1b774326f1601baf53898ce6d121a952c51eb62d188ef6fcc41f725c0dc
  languageName: node
  linkType: hard

"@types/node@npm:*":
  version: 24.10.1
  resolution: "@types/node@npm:24.10.1"
  dependencies:
    undici-types: "npm:~7.16.0"
  checksum: 10c0/d6bca7a78f550fbb376f236f92b405d676003a8a09a1b411f55920ef34286ee3ee51f566203920e835478784df52662b5b2af89159d9d319352e9ea21801c002
  languageName: node
  linkType: hard

"@types/node@npm:^20.0.0":
  version: 20.19.25
  resolution: "@types/node@npm:20.19.25"
  dependencies:
    undici-types: "npm:~6.21.0"
  checksum: 10c0/992f18cb03264e8dc2fd3cb64f428ee4997cb6d928dad68bf4b752eacac73062697ce7ce6a0e71a6d15af510814397a20597a72332dfec638e02fb3a382ad014
  languageName: node
  linkType: hard

"@types/node@npm:^22.5.5":
  version: 22.19.1
  resolution: "@types/node@npm:22.19.1"
  dependencies:
    undici-types: "npm:~6.21.0"
  checksum: 10c0/6edd93aea86da740cb7872626839cd6f4a67a049d3a3a6639cb592c620ec591408a30989ab7410008d1a0b2d4985ce50f1e488e79c033e4476d3bec6833b0a2f
  languageName: node
  linkType: hard

"@types/wrap-ansi@npm:^3.0.0":
  version: 3.0.0
  resolution: "@types/wrap-ansi@npm:3.0.0"
  checksum: 10c0/8d8f53363f360f38135301a06b596c295433ad01debd082078c33c6ed98b05a5c8fe8853a88265432126096084f4a135ec1564e3daad631b83296905509f90b3
  languageName: node
  linkType: hard

"ansi-escapes@npm:^4.3.2":
  version: 4.3.2
  resolution: "ansi-escapes@npm:4.3.2"
  dependencies:
    type-fest: "npm:^0.21.3"
  checksum: 10c0/da917be01871525a3dfcf925ae2977bc59e8c513d4423368645634bf5d4ceba5401574eb705c1e92b79f7292af5a656f78c5725a4b0e1cec97c4b413705c1d50
  languageName: node
  linkType: hard

"ansi-regex@npm:^5.0.1":
  version: 5.0.1
  resolution: "ansi-regex@npm:5.0.1"
  checksum: 10c0/9a64bb8627b434ba9327b60c027742e5d17ac69277960d041898596271d992d4d52ba7267a63ca10232e29f6107fc8a835f6ce8d719b88c5f8493f8254813737
  languageName: node
  linkType: hard

"ansi-styles@npm:^4.0.0":
  version: 4.3.0
  resolution: "ansi-styles@npm:4.3.0"
  dependencies:
    color-convert: "npm:^2.0.1"
  checksum: 10c0/895a23929da416f2bd3de7e9cb4eabd340949328ab85ddd6e484a637d8f6820d485f53933446f5291c3b760cbc488beb8e88573dd0f9c7daf83dccc8fe81b041
  languageName: node
  linkType: hard

"bonjour-service@npm:^1.3.0":
  version: 1.3.0
  resolution: "bonjour-service@npm:1.3.0"
  dependencies:
    fast-deep-equal: "npm:^3.1.3"
    multicast-dns: "npm:^7.2.5"
  checksum: 10c0/5721fd9f9bb968e9cc16c1e8116d770863dd2329cb1f753231de1515870648c225142b7eefa71f14a5c22bc7b37ddd7fdeb018700f28a8c936d50d4162d433c7
  languageName: node
  linkType: hard

"bytes@npm:3.1.2":
  version: 3.1.2
  resolution: "bytes@npm:3.1.2"
  checksum: 10c0/76d1c43cbd602794ad8ad2ae94095cddeb1de78c5dddaa7005c51af10b0176c69971a6d88e805a90c2b6550d76636e43c40d8427a808b8645ede885de4a0358e
  languageName: node
  linkType: hard

"chardet@npm:^0.7.0":
  version: 0.7.0
  resolution: "chardet@npm:0.7.0"
  checksum: 10c0/96e4731b9ec8050cbb56ab684e8c48d6c33f7826b755802d14e3ebfdc51c57afeece3ea39bc6b09acc359e4363525388b915e16640c1378053820f5e70d0f27d
  languageName: node
  linkType: hard

"cli-width@npm:^4.1.0":
  version: 4.1.0
  resolution: "cli-width@npm:4.1.0"
  checksum: 10c0/1fbd56413578f6117abcaf858903ba1f4ad78370a4032f916745fa2c7e390183a9d9029cf837df320b0fdce8137668e522f60a30a5f3d6529ff3872d265a955f
  languageName: node
  linkType: hard

"color-convert@npm:^2.0.1":
  version: 2.0.1
  resolution: "color-convert@npm:2.0.1"
  dependencies:
    color-name: "npm:~1.1.4"
  checksum: 10c0/37e1150172f2e311fe1b2df62c6293a342ee7380da7b9cfdba67ea539909afbd74da27033208d01d6d5cfc65ee7868a22e18d7e7648e004425441c0f8a15a7d7
  languageName: node
  linkType: hard

"color-name@npm:~1.1.4":
  version: 1.1.4
  resolution: "color-name@npm:1.1.4"
  checksum: 10c0/a1a3f914156960902f46f7f56bc62effc6c94e84b2cae157a526b1c1f74b677a47ec602bf68a61abfa2b42d15b7c5651c6dbe72a43af720bc588dff885b10f95
  languageName: node
  linkType: hard

"commander@npm:^13.1.0":
  version: 13.1.0
  resolution: "commander@npm:13.1.0"
  checksum: 10c0/7b8c5544bba704fbe84b7cab2e043df8586d5c114a4c5b607f83ae5060708940ed0b5bd5838cf8ce27539cde265c1cbd59ce3c8c6b017ed3eec8943e3a415164
  languageName: node
  linkType: hard

"content-type@npm:^1.0.5":
  version: 1.0.5
  resolution: "content-type@npm:1.0.5"
  checksum: 10c0/b76ebed15c000aee4678c3707e0860cb6abd4e680a598c0a26e17f0bfae723ec9cc2802f0ff1bc6e4d80603719010431d2231018373d4dde10f9ccff9dadf5af
  languageName: node
  linkType: hard

"debug@npm:^4.3.4":
  version: 4.4.3
  resolution: "debug@npm:4.4.3"
  dependencies:
    ms: "npm:^2.1.3"
  peerDependenciesMeta:
    supports-color:
      optional: true
  checksum: 10c0/d79136ec6c83ecbefd0f6a5593da6a9c91ec4d7ddc4b54c883d6e71ec9accb5f67a1a5e96d00a328196b5b5c86d365e98d8a3a70856aaf16b4e7b1985e67f5a6
  languageName: node
  linkType: hard

"depd@npm:2.0.0":
  version: 2.0.0
  resolution: "depd@npm:2.0.0"
  checksum: 10c0/58bd06ec20e19529b06f7ad07ddab60e504d9e0faca4bd23079fac2d279c3594334d736508dc350e06e510aba5e22e4594483b3a6562ce7c17dd797f4cc4ad2c
  languageName: node
  linkType: hard

"dns-packet@npm:^5.2.2":
  version: 5.6.1
  resolution: "dns-packet@npm:5.6.1"
  dependencies:
    "@leichtgewicht/ip-codec": "npm:^2.0.1"
  checksum: 10c0/8948d3d03063fb68e04a1e386875f8c3bcc398fc375f535f2b438fad8f41bf1afa6f5e70893ba44f4ae884c089247e0a31045722fa6ff0f01d228da103f1811d
  languageName: node
  linkType: hard

"emoji-regex@npm:^8.0.0":
  version: 8.0.0
  resolution: "emoji-regex@npm:8.0.0"
  checksum: 10c0/b6053ad39951c4cf338f9092d7bfba448cdfd46fe6a2a034700b149ac9ffbc137e361cbd3c442297f86bed2e5f7576c1b54cc0a6bf8ef5106cc62f496af35010
  languageName: node
  linkType: hard

"external-editor@npm:^3.1.0":
  version: 3.1.0
  resolution: "external-editor@npm:3.1.0"
  dependencies:
    chardet: "npm:^0.7.0"
    iconv-lite: "npm:^0.4.24"
    tmp: "npm:^0.0.33"
  checksum: 10c0/c98f1ba3efdfa3c561db4447ff366a6adb5c1e2581462522c56a18bf90dfe4da382f9cd1feee3e330108c3595a854b218272539f311ba1b3298f841eb0fbf339
  languageName: node
  linkType: hard

"fast-deep-equal@npm:^3.1.3":
  version: 3.1.3
  resolution: "fast-deep-equal@npm:3.1.3"
  checksum: 10c0/40dedc862eb8992c54579c66d914635afbec43350afbbe991235fdcb4e3a8d5af1b23ae7e79bef7d4882d0ecee06c3197488026998fb19f72dc95acff1d1b1d0
  languageName: node
  linkType: hard

"fflate@npm:^0.8.2":
  version: 0.8.2
  resolution: "fflate@npm:0.8.2"
  checksum: 10c0/03448d630c0a583abea594835a9fdb2aaf7d67787055a761515bf4ed862913cfd693b4c4ffd5c3f3b355a70cf1e19033e9ae5aedcca103188aaff91b8bd6e293
  languageName: node
  linkType: hard

"flora-colossus@npm:^2.0.0":
  version: 2.0.0
  resolution: "flora-colossus@npm:2.0.0"
  dependencies:
    debug: "npm:^4.3.4"
    fs-extra: "npm:^10.1.0"
  checksum: 10c0/ea50e6ff38fd089f536cbec57da9a3a311efe5a97c21a2c0ae8cc1a85a71c9301b10168693b6389e257c7dbccc3723cc4f0d98377e29b6b65e6f45a929fe5d54
  languageName: node
  linkType: hard

"fs-extra@npm:^10.1.0":
  version: 10.1.0
  resolution: "fs-extra@npm:10.1.0"
  dependencies:
    graceful-fs: "npm:^4.2.0"
    jsonfile: "npm:^6.0.1"
    universalify: "npm:^2.0.0"
  checksum: 10c0/5f579466e7109719d162a9249abbeffe7f426eb133ea486e020b89bc6d67a741134076bf439983f2eb79276ceaf6bd7b7c1e43c3fd67fe889863e69072fb0a5e
  languageName: node
  linkType: hard

"galactus@npm:^1.0.0":
  version: 1.0.0
  resolution: "galactus@npm:1.0.0"
  dependencies:
    debug: "npm:^4.3.4"
    flora-colossus: "npm:^2.0.0"
    fs-extra: "npm:^10.1.0"
  checksum: 10c0/8422109720515f71b40c60275e05f0a65957bdf15498775ac610df9a254ffe36b10e31d239d88d60c2b348b86d213170d3cfa46562e89c8d860067a80b20ad46
  languageName: node
  linkType: hard

"graceful-fs@npm:^4.1.6, graceful-fs@npm:^4.2.0":
  version: 4.2.11
  resolution: "graceful-fs@npm:4.2.11"
  checksum: 10c0/386d011a553e02bc594ac2ca0bd6d9e4c22d7fa8cfbfc448a6d148c59ea881b092db9dbe3547ae4b88e55f1b01f7c4a2ecc53b310c042793e63aa44cf6c257f2
  languageName: node
  linkType: hard

"http-errors@npm:2.0.0":
  version: 2.0.0
  resolution: "http-errors@npm:2.0.0"
  dependencies:
    depd: "npm:2.0.0"
    inherits: "npm:2.0.4"
    setprototypeof: "npm:1.2.0"
    statuses: "npm:2.0.1"
    toidentifier: "npm:1.0.1"
  checksum: 10c0/fc6f2715fe188d091274b5ffc8b3657bd85c63e969daa68ccb77afb05b071a4b62841acb7a21e417b5539014dff2ebf9550f0b14a9ff126f2734a7c1387f8e19
  languageName: node
  linkType: hard

"hue-sync@npm:^0.1.3":
  version: 0.1.3
  resolution: "hue-sync@npm:0.1.3"
  dependencies:
    node-dns-sd: "npm:^0.4.2"
    node-dtls-client: "npm:^1.0.1"
  peerDependencies:
    cross-fetch: ^3.1.5
  peerDependenciesMeta:
    cross-fetch:
      optional: true
  checksum: 10c0/a141ec473b1946f220a67a333371430d556320022511aa965e3b4bd354e831b506b8eaea6d9e54b18683a4b6e74a1b3a029e26ecf65b2b690df2ba95a4613bc6
  languageName: node
  linkType: hard

"huemcp@workspace:.":
  version: 0.0.0-use.local
  resolution: "huemcp@workspace:."
  dependencies:
    "@anthropic-ai/mcpb": "npm:latest"
    "@modelcontextprotocol/sdk": "npm:^0.6.0"
    "@types/bonjour": "npm:^3.5.13"
    "@types/node": "npm:^20.0.0"
    bonjour-service: "npm:^1.3.0"
    hue-sync: "npm:^0.1.3"
    typescript: "npm:^5.3.0"
  languageName: unknown
  linkType: soft

"iconv-lite@npm:0.7.0":
  version: 0.7.0
  resolution: "iconv-lite@npm:0.7.0"
  dependencies:
    safer-buffer: "npm:>= 2.1.2 < 3.0.0"
  checksum: 10c0/2382400469071c55b6746c531eed5fa4d033e5db6690b7331fb2a5f59a30d7a9782932e92253db26df33c1cf46fa200a3fbe524a2a7c62037c762283f188ec2f
  languageName: node
  linkType: hard

"iconv-lite@npm:^0.4.24":
  version: 0.4.24
  resolution: "iconv-lite@npm:0.4.24"
  dependencies:
    safer-buffer: "npm:>= 2.1.2 < 3"
  checksum: 10c0/c6886a24cc00f2a059767440ec1bc00d334a89f250db8e0f7feb4961c8727118457e27c495ba94d082e51d3baca378726cd110aaf7ded8b9bbfd6a44760cf1d4
  languageName: node
  linkType: hard

"ignore@npm:^7.0.5":
  version: 7.0.5
  resolution: "ignore@npm:7.0.5"
  checksum: 10c0/ae00db89fe873064a093b8999fe4cc284b13ef2a178636211842cceb650b9c3e390d3339191acb145d81ed5379d2074840cf0c33a20bdbd6f32821f79eb4ad5d
  languageName: node
  linkType: hard

"inherits@npm:2.0.4":
  version: 2.0.4
  resolution: "inherits@npm:2.0.4"
  checksum: 10c0/4e531f648b29039fb7426fb94075e6545faa1eb9fe83c29f0b6d9e7263aceb4289d2d4557db0d428188eeb449cc7c5e77b0a0b2c4e248ff2a65933a0dee49ef2
  languageName: node
  linkType: hard

"is-fullwidth-code-point@npm:^3.0.0":
  version: 3.0.0
  resolution: "is-fullwidth-code-point@npm:3.0.0"
  checksum: 10c0/bb11d825e049f38e04c06373a8d72782eee0205bda9d908cc550ccb3c59b99d750ff9537982e01733c1c94a58e35400661f57042158ff5e8f3e90cf936daf0fc
  languageName: node
  linkType: hard

"jsonfile@npm:^6.0.1":
  version: 6.2.0
  resolution: "jsonfile@npm:6.2.0"
  dependencies:
    graceful-fs: "npm:^4.1.6"
    universalify: "npm:^2.0.0"
  dependenciesMeta:
    graceful-fs:
      optional: true
  checksum: 10c0/7f4f43b08d1869ded8a6822213d13ae3b99d651151d77efd1557ced0889c466296a7d9684e397bd126acf5eb2cfcb605808c3e681d0fdccd2fe5a04b47e76c0d
  languageName: node
  linkType: hard

"ms@npm:^2.1.3":
  version: 2.1.3
  resolution: "ms@npm:2.1.3"
  checksum: 10c0/d924b57e7312b3b63ad21fc5b3dc0af5e78d61a1fc7cfb5457edaf26326bf62be5307cc87ffb6862ef1c2b33b0233cdb5d4f01c4c958cc0d660948b65a287a48
  languageName: node
  linkType: hard

"multicast-dns@npm:^7.2.5":
  version: 7.2.5
  resolution: "multicast-dns@npm:7.2.5"
  dependencies:
    dns-packet: "npm:^5.2.2"
    thunky: "npm:^1.0.2"
  bin:
    multicast-dns: cli.js
  checksum: 10c0/5120171d4bdb1577764c5afa96e413353bff530d1b37081cb29cccc747f989eb1baf40574fe8e27060fc1aef72b59c042f72b9b208413de33bcf411343c69057
  languageName: node
  linkType: hard

"mute-stream@npm:^1.0.0":
  version: 1.0.0
  resolution: "mute-stream@npm:1.0.0"
  checksum: 10c0/dce2a9ccda171ec979a3b4f869a102b1343dee35e920146776780de182f16eae459644d187e38d59a3d37adf85685e1c17c38cf7bfda7e39a9880f7a1d10a74c
  languageName: node
  linkType: hard

"node-aead-crypto-android-arm-eabi@npm:3.0.1":
  version: 3.0.1
  resolution: "node-aead-crypto-android-arm-eabi@npm:3.0.1"
  conditions: os=android & cpu=arm
  languageName: node
  linkType: hard

"node-aead-crypto-android-arm64@npm:3.0.1":
  version: 3.0.1
  resolution: "node-aead-crypto-android-arm64@npm:3.0.1"
  conditions: os=android & cpu=arm64
  languageName: node
  linkType: hard

"node-aead-crypto-darwin-arm64@npm:3.0.1":
  version: 3.0.1
  resolution: "node-aead-crypto-darwin-arm64@npm:3.0.1"
  conditions: os=darwin & cpu=arm64
  languageName: node
  linkType: hard

"node-aead-crypto-darwin-universal@npm:3.0.1":
  version: 3.0.1
  resolution: "node-aead-crypto-darwin-universal@npm:3.0.1"
  conditions: os=darwin
  languageName: node
  linkType: hard

"node-aead-crypto-darwin-x64@npm:3.0.1":
  version: 3.0.1
  resolution: "node-aead-crypto-darwin-x64@npm:3.0.1"
  conditions: os=darwin & cpu=x64
  languageName: node
  linkType: hard

"node-aead-crypto-linux-arm-gnueabihf@npm:3.0.1":
  version: 3.0.1
  resolution: "node-aead-crypto-linux-arm-gnueabihf@npm:3.0.1"
  conditions: os=linux & cpu=arm
  languageName: node
  linkType: hard

"node-aead-crypto-linux-arm64-gnu@npm:3.0.1":
  version: 3.0.1
  resolution: "node-aead-crypto-linux-arm64-gnu@npm:3.0.1"
  conditions: os=linux & cpu=arm64 & libc=glibc
  languageName: node
  linkType: hard

"node-aead-crypto-linux-arm64-musl@npm:3.0.1":
  version: 3.0.1
  resolution: "node-aead-crypto-linux-arm64-musl@npm:3.0.1"
  conditions: os=linux & cpu=arm64 & libc=musl
  languageName: node
  linkType: hard

"node-aead-crypto-linux-x64-gnu@npm:3.0.1":
  version: 3.0.1
  resolution: "node-aead-crypto-linux-x64-gnu@npm:3.0.1"
  conditions: os=linux & cpu=x64 & libc=glibc
  languageName: node
  linkType: hard

"node-aead-crypto-linux-x64-musl@npm:3.0.1":
  version: 3.0.1
  resolution: "node-aead-crypto-linux-x64-musl@npm:3.0.1"
  conditions: os=linux & cpu=x64 & libc=musl
  languageName: node
  linkType: hard

"node-aead-crypto-win32-arm64-msvc@npm:3.0.1":
  version: 3.0.1
  resolution: "node-aead-crypto-win32-arm64-msvc@npm:3.0.1"
  conditions: os=win32 & cpu=arm64
  languageName: node
  linkType: hard

"node-aead-crypto-win32-ia32-msvc@npm:3.0.1":
  version: 3.0.1
  resolution: "node-aead-crypto-win32-ia32-msvc@npm:3.0.1"
  conditions: os=win32 & cpu=ia32
  languageName: node
  linkType: hard

"node-aead-crypto-win32-x64-msvc@npm:3.0.1":
  version: 3.0.1
  resolution: "node-aead-crypto-win32-x64-msvc@npm:3.0.1"
  conditions: os=win32 & cpu=x64
  languageName: node
  linkType: hard

"node-aead-crypto@npm:^3.0.1":
  version: 3.0.1
  resolution: "node-aead-crypto@npm:3.0.1"
  dependencies:
    node-aead-crypto-android-arm-eabi: "npm:3.0.1"
    node-aead-crypto-android-arm64: "npm:3.0.1"
    node-aead-crypto-darwin-arm64: "npm:3.0.1"
    node-aead-crypto-darwin-universal: "npm:3.0.1"
    node-aead-crypto-darwin-x64: "npm:3.0.1"
    node-aead-crypto-linux-arm-gnueabihf: "npm:3.0.1"
    node-aead-crypto-linux-arm64-gnu: "npm:3.0.1"
    node-aead-crypto-linux-arm64-musl: "npm:3.0.1"
    node-aead-crypto-linux-x64-gnu: "npm:3.0.1"
    node-aead-crypto-linux-x64-musl: "npm:3.0.1"
    node-aead-crypto-win32-arm64-msvc: "npm:3.0.1"
    node-aead-crypto-win32-ia32-msvc: "npm:3.0.1"
    node-aead-crypto-win32-x64-msvc: "npm:3.0.1"
  dependenciesMeta:
    node-aead-crypto-android-arm-eabi:
      optional: true
    node-aead-crypto-android-arm64:
      optional: true
    node-aead-crypto-darwin-arm64:
      optional: true
    node-aead-crypto-darwin-universal:
      optional: true
    node-aead-crypto-darwin-x64:
      optional: true
    node-aead-crypto-linux-arm-gnueabihf:
      optional: true
    node-aead-crypto-linux-arm64-gnu:
      optional: true
    node-aead-crypto-linux-arm64-musl:
      optional: true
    node-aead-crypto-linux-x64-gnu:
      optional: true
    node-aead-crypto-linux-x64-musl:
      optional: true
    node-aead-crypto-win32-arm64-msvc:
      optional: true
    node-aead-crypto-win32-ia32-msvc:
      optional: true
    node-aead-crypto-win32-x64-msvc:
      optional: true
  checksum: 10c0/a30e65132b9ee6f8460d3694d6b23ed62548af9b2622a3a714e46da176d88e793464bc2f358388449873ac940f473551a782e601041730d795b0a99928890b27
  languageName: node
  linkType: hard

"node-dns-sd@npm:^0.4.2":
  version: 0.4.2
  resolution: "node-dns-sd@npm:0.4.2"
  checksum: 10c0/efd0bd55f63c121f38e4b165652d8c4e0a941c2151f026aebc7e5c3d84fc488fb14c30f6deb4b567186c475a2150a72c279676abfb6bc3575eb2c48352b8c3bc
  languageName: node
  linkType: hard

"node-dtls-client@npm:^1.0.1":
  version: 1.1.1
  resolution: "node-dtls-client@npm:1.1.1"
  dependencies:
    debug: "npm:^4.3.4"
    node-aead-crypto: "npm:^3.0.1"
    semver: "npm:^7.3.7"
  dependenciesMeta:
    node-aead-crypto:
      optional: true
  checksum: 10c0/5162d1bbe90b71bdf7fd12d48ab2914e8516bb1c86d0bad4227659ca5ca984b3ef559a2625427ac69af8b334d7ddfa427be231884ed556f921ae0f0fa286dcc9
  languageName: node
  linkType: hard

"node-forge@npm:^1.3.1":
  version: 1.3.1
  resolution: "node-forge@npm:1.3.1"
  checksum: 10c0/e882819b251a4321f9fc1d67c85d1501d3004b4ee889af822fd07f64de3d1a8e272ff00b689570af0465d65d6bf5074df9c76e900e0aff23e60b847f2a46fbe8
  languageName: node
  linkType: hard

"os-tmpdir@npm:~1.0.2":
  version: 1.0.2
  resolution: "os-tmpdir@npm:1.0.2"
  checksum: 10c0/f438450224f8e2687605a8dd318f0db694b6293c5d835ae509a69e97c8de38b6994645337e5577f5001115470414638978cc49da1cdcc25106dad8738dc69990
  languageName: node
  linkType: hard

"pretty-bytes@npm:^5.6.0":
  version: 5.6.0
  resolution: "pretty-bytes@npm:5.6.0"
  checksum: 10c0/f69f494dcc1adda98dbe0e4a36d301e8be8ff99bfde7a637b2ee2820e7cb583b0fc0f3a63b0e3752c01501185a5cf38602c7be60da41bdf84ef5b70e89c370f3
  languageName: node
  linkType: hard

"raw-body@npm:^3.0.0":
  version: 3.0.1
  resolution: "raw-body@npm:3.0.1"
  dependencies:
    bytes: "npm:3.1.2"
    http-errors: "npm:2.0.0"
    iconv-lite: "npm:0.7.0"
    unpipe: "npm:1.0.0"
  checksum: 10c0/892f4fbd21ecab7e2fed0f045f7af9e16df7e8050879639d4e482784a2f4640aaaa33d916a0e98013f23acb82e09c2e3c57f84ab97104449f728d22f65a7d79a
  languageName: node
  linkType: hard

"safer-buffer@npm:>= 2.1.2 < 3, safer-buffer@npm:>= 2.1.2 < 3.0.0":
  version: 2.1.2
  resolution: "safer-buffer@npm:2.1.2"
  checksum: 10c0/7e3c8b2e88a1841c9671094bbaeebd94448111dd90a81a1f606f3f67708a6ec57763b3b47f06da09fc6054193e0e6709e77325415dc8422b04497a8070fa02d4
  languageName: node
  linkType: hard

"semver@npm:^7.3.7":
  version: 7.7.3
  resolution: "semver@npm:7.7.3"
  bin:
    semver: bin/semver.js
  checksum: 10c0/4afe5c986567db82f44c8c6faef8fe9df2a9b1d98098fc1721f57c696c4c21cebd572f297fc21002f81889492345b8470473bc6f4aff5fb032a6ea59ea2bc45e
  languageName: node
  linkType: hard

"setprototypeof@npm:1.2.0":
  version: 1.2.0
  resolution: "setprototypeof@npm:1.2.0"
  checksum: 10c0/68733173026766fa0d9ecaeb07f0483f4c2dc70ca376b3b7c40b7cda909f94b0918f6c5ad5ce27a9160bdfb475efaa9d5e705a11d8eaae18f9835d20976028bc
  languageName: node
  linkType: hard

"signal-exit@npm:^4.1.0":
  version: 4.1.0
  resolution: "signal-exit@npm:4.1.0"
  checksum: 10c0/41602dce540e46d599edba9d9860193398d135f7ff72cab629db5171516cfae628d21e7bfccde1bbfdf11c48726bc2a6d1a8fb8701125852fbfda7cf19c6aa83
  languageName: node
  linkType: hard

"statuses@npm:2.0.1":
  version: 2.0.1
  resolution: "statuses@npm:2.0.1"
  checksum: 10c0/34378b207a1620a24804ce8b5d230fea0c279f00b18a7209646d5d47e419d1cc23e7cbf33a25a1e51ac38973dc2ac2e1e9c647a8e481ef365f77668d72becfd0
  languageName: node
  linkType: hard

"string-width@npm:^4.1.0":
  version: 4.2.3
  resolution: "string-width@npm:4.2.3"
  dependencies:
    emoji-regex: "npm:^8.0.0"
    is-fullwidth-code-point: "npm:^3.0.0"
    strip-ansi: "npm:^6.0.1"
  checksum: 10c0/1e525e92e5eae0afd7454086eed9c818ee84374bb80328fc41217ae72ff5f065ef1c9d7f72da41de40c75fa8bb3dee63d92373fd492c84260a552c636392a47b
  languageName: node
  linkType: hard

"strip-ansi@npm:^6.0.0, strip-ansi@npm:^6.0.1":
  version: 6.0.1
  resolution: "strip-ansi@npm:6.0.1"
  dependencies:
    ansi-regex: "npm:^5.0.1"
  checksum: 10c0/1ae5f212a126fe5b167707f716942490e3933085a5ff6c008ab97ab2f272c8025d3aa218b7bd6ab25729ca20cc81cddb252102f8751e13482a5199e873680952
  languageName: node
  linkType: hard

"thunky@npm:^1.0.2":
  version: 1.1.0
  resolution: "thunky@npm:1.1.0"
  checksum: 10c0/369764f39de1ce1de2ba2fa922db4a3f92e9c7f33bcc9a713241bc1f4a5238b484c17e0d36d1d533c625efb00e9e82c3e45f80b47586945557b45abb890156d2
  languageName: node
  linkType: hard

"tmp@npm:^0.0.33":
  version: 0.0.33
  resolution: "tmp@npm:0.0.33"
  dependencies:
    os-tmpdir: "npm:~1.0.2"
  checksum: 10c0/69863947b8c29cabad43fe0ce65cec5bb4b481d15d4b4b21e036b060b3edbf3bc7a5541de1bacb437bb3f7c4538f669752627fdf9b4aaf034cebd172ba373408
  languageName: node
  linkType: hard

"toidentifier@npm:1.0.1":
  version: 1.0.1
  resolution: "toidentifier@npm:1.0.1"
  checksum: 10c0/93937279934bd66cc3270016dd8d0afec14fb7c94a05c72dc57321f8bd1fa97e5bea6d1f7c89e728d077ca31ea125b78320a616a6c6cd0e6b9cb94cb864381c1
  languageName: node
  linkType: hard

"type-fest@npm:^0.21.3":
  version: 0.21.3
  resolution: "type-fest@npm:0.21.3"
  checksum: 10c0/902bd57bfa30d51d4779b641c2bc403cdf1371fb9c91d3c058b0133694fcfdb817aef07a47f40faf79039eecbaa39ee9d3c532deff244f3a19ce68cea71a61e8
  languageName: node
  linkType: hard

"typescript@npm:^5.3.0":
  version: 5.9.3
  resolution: "typescript@npm:5.9.3"
  bin:
    tsc: bin/tsc
    tsserver: bin/tsserver
  checksum: 10c0/6bd7552ce39f97e711db5aa048f6f9995b53f1c52f7d8667c1abdc1700c68a76a308f579cd309ce6b53646deb4e9a1be7c813a93baaf0a28ccd536a30270e1c5
  languageName: node
  linkType: hard

"typescript@patch:typescript@npm%3A^5.3.0#optional!builtin<compat/typescript>":
  version: 5.9.3
  resolution: "typescript@patch:typescript@npm%3A5.9.3#optional!builtin<compat/typescript>::version=5.9.3&hash=5786d5"
  bin:
    tsc: bin/tsc
    tsserver: bin/tsserver
  checksum: 10c0/ad09fdf7a756814dce65bc60c1657b40d44451346858eea230e10f2e95a289d9183b6e32e5c11e95acc0ccc214b4f36289dcad4bf1886b0adb84d711d336a430
  languageName: node
  linkType: hard

"undici-types@npm:~6.21.0":
  version: 6.21.0
  resolution: "undici-types@npm:6.21.0"
  checksum: 10c0/c01ed51829b10aa72fc3ce64b747f8e74ae9b60eafa19a7b46ef624403508a54c526ffab06a14a26b3120d055e1104d7abe7c9017e83ced038ea5cf52f8d5e04
  languageName: node
  linkType: hard

"undici-types@npm:~7.16.0":
  version: 7.16.0
  resolution: "undici-types@npm:7.16.0"
  checksum: 10c0/3033e2f2b5c9f1504bdc5934646cb54e37ecaca0f9249c983f7b1fc2e87c6d18399ebb05dc7fd5419e02b2e915f734d872a65da2e3eeed1813951c427d33cc9a
  languageName: node
  linkType: hard

"universalify@npm:^2.0.0":
  version: 2.0.1
  resolution: "universalify@npm:2.0.1"
  checksum: 10c0/73e8ee3809041ca8b818efb141801a1004e3fc0002727f1531f4de613ea281b494a40909596dae4a042a4fb6cd385af5d4db2e137b1362e0e91384b828effd3a
  languageName: node
  linkType: hard

"unpipe@npm:1.0.0":
  version: 1.0.0
  resolution: "unpipe@npm:1.0.0"
  checksum: 10c0/193400255bd48968e5c5383730344fbb4fa114cdedfab26e329e50dd2d81b134244bb8a72c6ac1b10ab0281a58b363d06405632c9d49ca9dfd5e90cbd7d0f32c
  languageName: node
  linkType: hard

"wrap-ansi@npm:^6.2.0":
  version: 6.2.0
  resolution: "wrap-ansi@npm:6.2.0"
  dependencies:
    ansi-styles: "npm:^4.0.0"
    string-width: "npm:^4.1.0"
    strip-ansi: "npm:^6.0.0"
  checksum: 10c0/baad244e6e33335ea24e86e51868fe6823626e3a3c88d9a6674642afff1d34d9a154c917e74af8d845fd25d170c4ea9cf69a47133c3f3656e1252b3d462d9f6c
  languageName: node
  linkType: hard

"yoctocolors-cjs@npm:^2.1.2":
  version: 2.1.3
  resolution: "yoctocolors-cjs@npm:2.1.3"
  checksum: 10c0/584168ef98eb5d913473a4858dce128803c4a6cd87c0f09e954fa01126a59a33ab9e513b633ad9ab953786ed16efdd8c8700097a51635aafaeed3fef7712fa79
  languageName: node
  linkType: hard

"zod-to-json-schema@npm:^3.24.6":
  version: 3.24.6
  resolution: "zod-to-json-schema@npm:3.24.6"
  peerDependencies:
    zod: ^3.24.1
  checksum: 10c0/b907ab6d057100bd25a37e5545bf5f0efa5902cd84d3c3ec05c2e51541431a47bd9bf1e5e151a244273409b45f5986d55b26e5d207f98abc5200702f733eb368
  languageName: node
  linkType: hard

"zod@npm:^3.23.8, zod@npm:^3.25.67":
  version: 3.25.76
  resolution: "zod@npm:3.25.76"
  checksum: 10c0/5718ec35e3c40b600316c5b4c5e4976f7fee68151bc8f8d90ec18a469be9571f072e1bbaace10f1e85cf8892ea12d90821b200e980ab46916a6166a4260a983c
  languageName: node
  linkType: hard
